{
  "name": "tweek-management",
  "version": "1.0.0",
  "lockfileVersion": 1,
  "dependencies": {
    "abbrev": {
      "version": "1.1.0"
    },
    "accepts": {
      "version": "1.3.3"
    },
    "ajv": {
      "version": "4.11.8"
    },
    "ansi-regex": {
      "version": "2.1.1"
    },
    "ansi-styles": {
      "version": "2.2.1"
    },
    "append-field": {
      "version": "0.1.0"
    },
    "aproba": {
      "version": "1.1.2"
    },
    "are-we-there-yet": {
      "version": "1.1.4"
    },
    "array-flatten": {
      "version": "1.1.1"
    },
    "asap": {
      "version": "2.0.5"
    },
    "asn1": {
      "version": "0.2.3"
    },
    "assert-plus": {
      "version": "1.0.0"
    },
    "async": {
      "version": "1.0.0"
    },
    "asynckit": {
      "version": "0.4.0"
    },
    "aws-sign2": {
      "version": "0.6.0"
    },
    "aws4": {
      "version": "1.6.0"
    },
    "axios": {
      "version": "0.16.1"
    },
    "balanced-match": {
      "version": "1.0.0"
    },
    "base64url": {
      "version": "2.0.0"
    },
    "basic-auth": {
      "version": "1.1.0"
    },
    "bcrypt-pbkdf": {
      "version": "1.0.1",
      "optional": true
    },
    "bl": {
      "version": "1.1.2",
      "dependencies": {
        "readable-stream": {
          "version": "2.0.6"
        }
      }
    },
    "block-stream": {
      "version": "0.0.9"
    },
    "bluebird": {
      "version": "3.5.0"
    },
    "body-parser": {
      "version": "1.17.2"
    },
    "boom": {
      "version": "2.10.1"
    },
    "brace-expansion": {
      "version": "1.1.8"
    },
    "buffer-equal-constant-time": {
      "version": "1.0.1"
    },
    "busboy": {
      "version": "0.2.14",
      "dependencies": {
        "isarray": {
          "version": "0.0.1"
        },
        "readable-stream": {
          "version": "1.1.14"
        }
      }
    },
    "bytes": {
      "version": "2.4.0"
    },
    "camelcase": {
      "version": "2.1.1"
    },
    "caseless": {
      "version": "0.12.0"
    },
    "chalk": {
      "version": "1.1.3"
    },
    "cliui": {
      "version": "3.2.0"
    },
    "co": {
      "version": "4.6.0"
    },
    "code-point-at": {
      "version": "1.1.0"
    },
    "colors": {
      "version": "1.0.3"
    },
    "combined-stream": {
      "version": "1.0.5"
    },
    "commander": {
      "version": "2.11.0"
    },
    "concat-map": {
      "version": "0.0.1"
    },
    "concat-stream": {
      "version": "1.6.0"
    },
    "console-control-strings": {
      "version": "1.1.0"
    },
    "content-disposition": {
      "version": "0.5.2"
    },
    "content-type": {
      "version": "1.0.2"
    },
    "cookie": {
      "version": "0.3.1"
    },
    "cookie-signature": {
      "version": "1.0.6"
    },
    "core-js": {
      "version": "2.3.0"
    },
    "core-util-is": {
      "version": "1.0.2"
    },
    "cryptiles": {
      "version": "2.0.5"
    },
    "cycle": {
      "version": "1.0.3"
    },
    "dashdash": {
      "version": "1.14.1"
    },
    "debug": {
      "version": "2.6.7"
    },
    "decamelize": {
      "version": "1.2.0"
    },
    "deep-extend": {
      "version": "0.4.2"
    },
    "delayed-stream": {
      "version": "1.0.0"
    },
    "delegates": {
      "version": "1.0.0"
    },
    "depd": {
      "version": "1.1.0"
    },
    "destroy": {
      "version": "1.0.4"
    },
    "dicer": {
      "version": "0.2.5",
      "dependencies": {
        "isarray": {
          "version": "0.0.1"
        },
        "readable-stream": {
          "version": "1.1.14"
        }
      }
    },
    "ecc-jsbn": {
      "version": "0.1.1",
      "optional": true
    },
    "ecdsa-sig-formatter": {
      "version": "1.0.9"
    },
    "ee-first": {
      "version": "1.1.1"
    },
    "encodeurl": {
      "version": "1.0.1"
    },
    "es6-promise": {
      "version": "3.0.2"
    },
    "escape-html": {
      "version": "1.0.3"
    },
    "escape-string-regexp": {
      "version": "1.0.5"
    },
    "etag": {
      "version": "1.8.0"
    },
    "expres": {
      "version": "0.0.5"
    },
    "express": {
      "version": "4.15.3"
    },
    "extend": {
      "version": "3.0.1"
    },
    "extsprintf": {
      "version": "1.0.2"
    },
    "eyes": {
      "version": "0.1.8"
    },
    "finalhandler": {
      "version": "1.0.3"
    },
    "follow-redirects": {
      "version": "1.2.4",
      "dependencies": {
        "debug": {
          "version": "2.6.8"
        }
      }
    },
    "forever-agent": {
      "version": "0.6.1"
    },
    "form-data": {
      "version": "2.1.4"
    },
    "forwarded": {
      "version": "0.1.0"
    },
    "fresh": {
      "version": "0.5.0"
    },
    "fs-extra": {
      "version": "0.26.7"
    },
    "fs.realpath": {
      "version": "1.0.0"
    },
    "fstream": {
      "version": "1.0.11"
    },
    "fstream-ignore": {
      "version": "1.0.5"
    },
    "gauge": {
      "version": "2.7.4",
      "dependencies": {
        "object-assign": {
          "version": "4.1.1"
        }
      }
    },
    "generate-function": {
      "version": "2.0.0"
    },
    "generate-object-property": {
      "version": "1.2.0"
    },
    "getpass": {
      "version": "0.1.7"
    },
    "glob": {
      "version": "7.1.2"
    },
    "graceful-fs": {
      "version": "4.1.11"
    },
    "guid": {
      "version": "0.0.12"
    },
    "har-schema": {
      "version": "1.0.5"
    },
    "har-validator": {
      "version": "4.2.1"
    },
    "has-ansi": {
      "version": "2.0.0"
    },
    "has-unicode": {
      "version": "2.0.1"
    },
    "hawk": {
      "version": "3.1.3"
    },
    "hoek": {
      "version": "2.16.3"
    },
    "http-errors": {
      "version": "1.6.1"
    },
    "http-signature": {
      "version": "1.1.1",
      "dependencies": {
        "assert-plus": {
          "version": "0.2.0"
        }
      }
    },
    "iconv-lite": {
      "version": "0.4.15"
    },
    "immediate": {
      "version": "3.0.6"
    },
    "inflight": {
      "version": "1.0.6"
    },
    "inherits": {
      "version": "2.0.3"
    },
    "ini": {
      "version": "1.3.4"
    },
    "invert-kv": {
      "version": "1.0.0"
    },
    "ipaddr.js": {
      "version": "1.3.0"
    },
    "is-fullwidth-code-point": {
      "version": "1.0.0"
    },
    "is-my-json-valid": {
      "version": "2.16.0"
    },
    "is-property": {
      "version": "1.0.2"
    },
    "is-typedarray": {
      "version": "1.0.0"
    },
    "isarray": {
      "version": "1.0.0"
    },
    "isemail": {
      "version": "1.2.0"
    },
    "isexe": {
      "version": "2.0.0"
    },
    "isstream": {
      "version": "0.1.2"
    },
    "joi": {
      "version": "6.10.1"
    },
    "jsbn": {
      "version": "0.1.1",
      "optional": true
    },
    "json-schema": {
      "version": "0.2.3"
    },
    "json-stable-stringify": {
      "version": "1.0.1"
    },
    "json-stringify-safe": {
      "version": "5.0.1"
    },
    "jsonfile": {
      "version": "2.4.0"
    },
    "jsonify": {
      "version": "0.0.0"
    },
    "jsonpointer": {
      "version": "4.0.1"
    },
    "jsonwebtoken": {
      "version": "7.4.1"
    },
    "jsprim": {
      "version": "1.4.0"
    },
    "jszip": {
      "version": "3.1.3",
      "dependencies": {
        "readable-stream": {
          "version": "2.0.6"
        }
      }
    },
    "jwa": {
      "version": "1.1.5"
    },
    "jws": {
      "version": "3.1.4"
    },
    "klaw": {
      "version": "1.3.1"
    },
    "lcid": {
      "version": "1.0.0"
    },
    "lie": {
      "version": "3.1.1"
    },
    "lodash": {
      "version": "4.17.4"
    },
    "lodash.assign": {
      "version": "4.2.0"
    },
    "lodash.once": {
      "version": "4.1.1"
    },
    "logzio-nodejs": {
      "version": "0.4.2",
      "dependencies": {
        "caseless": {
          "version": "0.11.0"
        },
        "form-data": {
          "version": "2.0.0"
        },
        "har-validator": {
          "version": "2.0.6"
        },
        "qs": {
          "version": "6.2.3"
        },
        "request": {
          "version": "2.75.0"
        },
        "tunnel-agent": {
          "version": "0.4.3"
        }
      }
    },
    "media-typer": {
      "version": "0.3.0"
    },
    "merge-descriptors": {
      "version": "1.0.1"
    },
    "methods": {
      "version": "1.1.2"
    },
    "mime": {
      "version": "1.3.4"
    },
    "mime-db": {
      "version": "1.27.0"
    },
    "mime-types": {
      "version": "2.1.15"
    },
    "minimatch": {
      "version": "3.0.4"
    },
    "minimist": {
      "version": "0.0.8"
    },
    "mkdirp": {
      "version": "0.5.1"
    },
    "moment": {
      "version": "2.18.1"
    },
    "morgan": {
      "version": "1.8.2",
      "dependencies": {
        "debug": {
          "version": "2.6.8"
        }
      }
    },
    "ms": {
      "version": "2.0.0"
    },
    "multer": {
      "version": "1.3.0"
    },
    "nan": {
      "version": "2.6.2"
    },
    "nconf": {
      "version": "0.8.4",
      "dependencies": {
        "async": {
          "version": "1.5.2"
        }
      }
    },
    "negotiator": {
      "version": "0.6.1"
    },
    "node-gyp": {
      "version": "3.6.2"
    },
    "node-pre-gyp": {
      "version": "0.6.36",
      "dependencies": {
        "nopt": {
          "version": "4.0.1"
        }
      }
    },
    "node-uuid": {
      "version": "1.4.8"
    },
    "nodegit": {
      "version": "0.18.3"
    },
    "nodegit-promise": {
      "version": "4.0.0"
    },
    "nopt": {
      "version": "3.0.6"
    },
    "npmlog": {
      "version": "4.1.2"
    },
    "number-is-nan": {
      "version": "1.0.1"
    },
    "oauth-sign": {
      "version": "0.8.2"
    },
    "object-assign": {
      "version": "3.0.0"
    },
    "on-finished": {
      "version": "2.3.0"
    },
    "on-headers": {
      "version": "1.0.1"
    },
    "once": {
      "version": "1.4.0"
    },
    "os-homedir": {
      "version": "1.0.2"
    },
    "os-locale": {
      "version": "1.4.0"
    },
    "os-tmpdir": {
      "version": "1.0.2"
    },
    "osenv": {
      "version": "0.1.4"
    },
    "pako": {
      "version": "1.0.5"
    },
    "parseurl": {
      "version": "1.3.1"
    },
    "path-is-absolute": {
      "version": "1.0.1"
    },
    "path-to-regexp": {
      "version": "0.1.7"
    },
    "performance-now": {
      "version": "0.2.0"
    },
    "pinkie": {
      "version": "2.0.4"
    },
    "pinkie-promise": {
      "version": "2.0.1"
    },
    "pkginfo": {
      "version": "0.3.1"
    },
    "process-nextick-args": {
      "version": "1.0.7"
    },
    "promisify-node": {
      "version": "0.3.0"
    },
    "proxy-addr": {
      "version": "1.1.4"
    },
    "punycode": {
      "version": "1.4.1"
    },
    "qs": {
      "version": "6.4.0"
    },
    "ramda": {
      "version": "0.24.1"
    },
    "range-parser": {
      "version": "1.2.0"
    },
    "raw-body": {
      "version": "2.2.0"
    },
    "rc": {
      "version": "1.2.1",
      "dependencies": {
        "minimist": {
          "version": "1.2.0"
        }
      }
    },
    "readable-stream": {
      "version": "2.3.3",
      "dependencies": {
        "string_decoder": {
          "version": "1.0.3"
        }
      }
    },
    "recursive-readdir": {
      "version": "2.2.1",
      "dependencies": {
        "minimatch": {
          "version": "3.0.3"
        }
      }
    },
    "request": {
      "version": "2.81.0"
    },
    "rimraf": {
      "version": "2.6.1"
    },
    "rxjs": {
      "version": "5.4.2"
    },
    "safe-buffer": {
      "version": "5.1.1"
    },
    "secure-keys": {
      "version": "1.0.0"
    },
    "semver": {
      "version": "5.3.0"
    },
    "send": {
      "version": "0.15.3"
    },
    "serve-static": {
      "version": "1.12.3"
    },
    "set-blocking": {
      "version": "2.0.0"
    },
    "setprototypeof": {
      "version": "1.0.3"
    },
    "signal-exit": {
      "version": "3.0.2"
    },
    "sntp": {
      "version": "1.0.9"
    },
    "sshpk": {
      "version": "1.13.1"
    },
    "stack-trace": {
      "version": "0.0.10"
    },
    "statuses": {
      "version": "1.3.1"
    },
    "streamsearch": {
      "version": "0.1.2"
    },
    "string_decoder": {
      "version": "0.10.31"
    },
    "string-width": {
      "version": "1.0.2"
    },
    "stringstream": {
      "version": "0.0.5"
    },
    "strip-ansi": {
      "version": "3.0.1"
    },
    "strip-json-comments": {
      "version": "2.0.1"
    },
    "supports-color": {
      "version": "2.0.0"
    },
    "symbol-observable": {
      "version": "1.0.4"
    },
    "tar": {
      "version": "2.2.1"
    },
    "tar-pack": {
      "version": "3.4.0",
      "dependencies": {
        "debug": {
          "version": "2.6.8"
        }
      }
    },
    "topo": {
      "version": "1.1.0"
    },
    "tough-cookie": {
      "version": "2.3.2"
    },
    "tunnel-agent": {
      "version": "0.6.0"
    },
    "tweetnacl": {
      "version": "0.14.5",
      "optional": true
    },
    "type-is": {
      "version": "1.6.15"
    },
    "typedarray": {
      "version": "0.0.6"
    },
    "uid-number": {
      "version": "0.0.6"
    },
    "unpipe": {
      "version": "1.0.0"
    },
    "util": {
      "version": "0.10.3",
      "dependencies": {
        "inherits": {
          "version": "2.0.1"
        }
      }
    },
    "util-deprecate": {
      "version": "1.0.2"
    },
    "utils-merge": {
      "version": "1.0.0"
    },
    "uuid": {
      "version": "3.1.0"
    },
    "vary": {
      "version": "1.1.1"
    },
    "verror": {
      "version": "1.3.6"
    },
    "which": {
      "version": "1.2.14"
    },
    "wide-align": {
      "version": "1.1.2"
    },
    "window-size": {
      "version": "0.1.4"
    },
    "winston": {
      "version": "2.3.1"
    },
    "winston-logzio": {
      "version": "1.0.3",
      "dependencies": {
        "winston": {
          "version": "1.0.2"
        }
      }
    },
    "wrap-ansi": {
      "version": "2.1.0"
    },
    "wrappy": {
      "version": "1.0.2"
    },
    "xtend": {
      "version": "4.0.1"
    },
    "y18n": {
      "version": "3.2.1"
    },
    "yargs": {
      "version": "3.32.0"
    }
  }
}
