
Microsoft Visual Studio Solution File, Format Version 12.00
# Visual Studio 2013
VisualStudioVersion = 12.0.31101.0
MinimumVisualStudioVersion = 10.0.40219.1
Project("{FAE04EC0-301F-11D3-BF4B-00C04F79EFBC}") = "Engine", "Engine\Engine.csproj", "{88200F63-8699-4B6E-8969-4C45827AD0C3}"
EndProject
Project("{FAE04EC0-301F-11D3-BF4B-00C04F79EFBC}") = "Engine.Tests", "Engine.Tests\Engine.Tests.csproj", "{C0774CBE-9A35-4CE4-A181-6808064BB8E6}"
EndProject
Project("{F2A71F9B-5D33-465A-A702-920D77279786}") = "Engine.Matcher.DSL", "Engine.Matcher.DSL\Engine.Matcher.DSL.fsproj", "{71903C50-6C0E-443E-914A-BF9D4D9CC964}"
EndProject
Project("{F2A71F9B-5D33-465A-A702-920D77279786}") = "Matcher.Tests", "Matcher.Tests\Matcher.Tests.fsproj", "{F71ED63E-6B21-43C3-A5B2-041112D62611}"
EndProject
Project("{2150E333-8FDC-42A3-9474-1A3956D46DE8}") = ".nuget", ".nuget", "{791961F6-1424-49D6-9989-89B8F39E10B9}"
	ProjectSection(SolutionItems) = preProject
		.nuget\packages.config = .nuget\packages.config
	EndProjectSection
EndProject
Global
	GlobalSection(SolutionConfigurationPlatforms) = preSolution
		Debug|Any CPU = Debug|Any CPU
		Release|Any CPU = Release|Any CPU
	EndGlobalSection
	GlobalSection(ProjectConfigurationPlatforms) = postSolution
		{88200F63-8699-4B6E-8969-4C45827AD0C3}.Debug|Any CPU.ActiveCfg = Debug|Any CPU
		{88200F63-8699-4B6E-8969-4C45827AD0C3}.Debug|Any CPU.Build.0 = Debug|Any CPU
		{88200F63-8699-4B6E-8969-4C45827AD0C3}.Release|Any CPU.ActiveCfg = Release|Any CPU
		{88200F63-8699-4B6E-8969-4C45827AD0C3}.Release|Any CPU.Build.0 = Release|Any CPU
		{C0774CBE-9A35-4CE4-A181-6808064BB8E6}.Debug|Any CPU.ActiveCfg = Debug|Any CPU
		{C0774CBE-9A35-4CE4-A181-6808064BB8E6}.Debug|Any CPU.Build.0 = Debug|Any CPU
		{C0774CBE-9A35-4CE4-A181-6808064BB8E6}.Release|Any CPU.ActiveCfg = Release|Any CPU
		{C0774CBE-9A35-4CE4-A181-6808064BB8E6}.Release|Any CPU.Build.0 = Release|Any CPU
		{71903C50-6C0E-443E-914A-BF9D4D9CC964}.Debug|Any CPU.ActiveCfg = Debug|Any CPU
		{71903C50-6C0E-443E-914A-BF9D4D9CC964}.Debug|Any CPU.Build.0 = Debug|Any CPU
		{71903C50-6C0E-443E-914A-BF9D4D9CC964}.Release|Any CPU.ActiveCfg = Release|Any CPU
		{71903C50-6C0E-443E-914A-BF9D4D9CC964}.Release|Any CPU.Build.0 = Release|Any CPU
		{F71ED63E-6B21-43C3-A5B2-041112D62611}.Debug|Any CPU.ActiveCfg = Debug|Any CPU
		{F71ED63E-6B21-43C3-A5B2-041112D62611}.Debug|Any CPU.Build.0 = Debug|Any CPU
		{F71ED63E-6B21-43C3-A5B2-041112D62611}.Release|Any CPU.ActiveCfg = Release|Any CPU
		{F71ED63E-6B21-43C3-A5B2-041112D62611}.Release|Any CPU.Build.0 = Release|Any CPU
	EndGlobalSection
	GlobalSection(SolutionProperties) = preSolution
		HideSolutionNode = FALSE
	EndGlobalSection
EndGlobal
