github.com/BurntSushi/toml v0.3.1 h1:WXkYYl6Yr3qBf1K79EBnL4mak0OimBfB0XUf9Vl28OQ=
github.com/BurntSushi/toml v0.3.1/go.mod h1:xHWCNGjB5oqiDr8zfno3MHue2Ht5sIBksp03qcyfWMU=
github.com/beorn7/perks v0.0.0-20180321164747-3a771d992973 h1:xJ4a3vCFaGF/jqvzLMYoU8P317H5OQ+Via4RmuPwCS0=
github.com/beorn7/perks v0.0.0-20180321164747-3a771d992973/go.mod h1:Dwedo/Wpr24TaqPxmxbtue+5NUziq4I4S80YR8gNf3Q=
github.com/davecgh/go-spew v1.1.1/go.mod h1:J7Y8YcW2NihsgmVo/mv3lAwl/skON4iLHjSsI+c5H38=
github.com/dchest/siphash v1.2.0 h1:YWOShuhvg0GqbQpMa60QlCGtEyf7O7HC1Jf0VjdQ60M=
github.com/dchest/siphash v1.2.0/go.mod h1:q+IRvb2gOSrUnYoPqHiyHXS0FOBBOdl6tONBlVnOnt4=
github.com/dchest/siphash v1.2.1 h1:4cLinnzVJDKxTCl9B01807Yiy+W7ZzVHj/KIroQRvT4=
github.com/dchest/siphash v1.2.1/go.mod h1:q+IRvb2gOSrUnYoPqHiyHXS0FOBBOdl6tONBlVnOnt4=
github.com/dgrijalva/jwt-go v3.2.0+incompatible h1:7qlOGliEKZXTDg6OTjfoBKDXWrumCAMpl/TFQ4/5kLM=
github.com/dgrijalva/jwt-go v3.2.0+incompatible/go.mod h1:E3ru+11k8xSBh+hMPgOLZmtrrCbhqsmaPHjLKYnJCaQ=
github.com/dustin/go-humanize v1.0.0/go.mod h1:HtrtbFcZ19U5GC7JDqmcUSB87Iq5E25KnS6fMYU6eOk=
github.com/ghodss/yaml v1.0.0 h1:wQHKEahhL6wmXdzwWG11gIVCkOv05bNOh+Rxn0yngAk=
github.com/ghodss/yaml v1.0.0/go.mod h1:4dBDuWmgqj2HViK6kFavaiC9ZROes6MMH2rRYeMEF04=
github.com/go-ini/ini v1.39.0 h1:/CyW/jTlZLjuzy52jc1XnhJm6IUKEuunpJFpecywNeI=
github.com/go-ini/ini v1.39.0/go.mod h1:ByCAeIL28uOIIG0E3PJtZPDL8WnHpFKFOtgjp+3Ies8=
github.com/golang/protobuf v1.2.0 h1:P3YflyNX/ehuJFLhxviNdFxQPkGK5cDcApsge1SqnvM=
github.com/golang/protobuf v1.2.0/go.mod h1:6lQm79b+lXiMfvg/cZm0SGofjICqVBUtrP5yJMmIC1U=
github.com/gorilla/context v1.1.1/go.mod h1:kBGZzfjB9CEq2AlWe17Uuf7NDRt0dE0s8S51q0aT7Yg=
github.com/gorilla/mux v1.6.2 h1:Pgr17XVTNXAk3q/r4CpKzC5xBM/qW1uVLV+IhRZpIIk=
github.com/gorilla/mux v1.6.2/go.mod h1:1lud6UwP+6orDFRuTfBEV8e9/aOM/c4fVVCaMa2zaAs=
github.com/gorilla/websocket v0.0.0-20181030144553-483fb8d7c32f h1:a3AO62p4QxRNbwMYvioUwy8S+pA0LD6t6gJlyJoXUcc=
github.com/gorilla/websocket v0.0.0-20181030144553-483fb8d7c32f/go.mod h1:E7qHFY5m1UJ88s3WnNqhKjPHQ0heANvMoAMk2YaljkQ=
github.com/gravitational/trace v0.0.0-20180713095550-3318e711adee h1:Ipry2Zu1k0Jak4dVGy3kl1UlPH1V4biZ2vylLRwTojg=
github.com/gravitational/trace v0.0.0-20180713095550-3318e711adee/go.mod h1:RvdOUHE4SHqR3oXlFFKnGzms8a5dugHygGw1bqDstYI=
github.com/jinzhu/configor v0.0.0-20180614024415-4edaf76fe188 h1:XFhKsrhg0SBbAGFKWbwK81YkfbNyO2QItYQ05jqbpAU=
github.com/jinzhu/configor v0.0.0-20180614024415-4edaf76fe188/go.mod h1:xycrO0mK6seJRAHXsdyk54QgPJ20aQNpTGi5xv8jQg8=
github.com/jonboulle/clockwork v0.1.0 h1:VKV+ZcuP6l3yW9doeqz6ziZGgcynBVQO+obU0+0hcPo=
github.com/jonboulle/clockwork v0.1.0/go.mod h1:Ii8DK3G1RaLaWxj9trq07+26W01tbo22gdxWY5EU2bo=
github.com/joonix/log v0.0.0-20180502111528-d2d3f2f4a806 h1:wsKuVfz+KNbe4mfcFENCzWjXbSfrz49LlL/B4cIR0XU=
github.com/joonix/log v0.0.0-20180502111528-d2d3f2f4a806/go.mod h1:9alna084PKap49x3Dl7QTGUXiS37acLi8ryAexT1SJc=
github.com/konsorten/go-windows-terminal-sequences v1.0.1/go.mod h1:T0+1ngSBFLxvqU3pZ+m/2kptfBszLMUkC4ZK/EgS/cQ=
github.com/lestrrat-go/jwx v0.0.0-20180928232350-0d477e6a1f0e h1:BsBWIgqA7BFb5sdQeFVQqXYL0P9ZwiNYvL3nywtEmnY=
github.com/lestrrat-go/jwx v0.0.0-20180928232350-0d477e6a1f0e/go.mod h1:iEoxlYfZjvoGpuWwxUz+eR5e6KTJGsaRcy/YNA/UnBk=
github.com/lestrrat-go/pdebug v0.0.0-20180220043849-39f9a71bcabe h1:S7XSBlgc/eI2v47LkPPVa+infH3FuTS4tPJbqCtJovo=
github.com/lestrrat-go/pdebug v0.0.0-20180220043849-39f9a71bcabe/go.mod h1:zvUY6gZZVL2nu7NM+/3b51Z/hxyFZCZxV0hvfZ3NJlg=
github.com/mailgun/multibuf v0.0.0-20150714184110-565402cd71fb h1:m2FGM8K2LC9Zyt/7zbQNn5Uvf/YV7vFWKtoMcC7hHU8=
github.com/mailgun/multibuf v0.0.0-20150714184110-565402cd71fb/go.mod h1:E0vRBBIQUHcRtmL/oR6w/jehh4FJqJFxe86gBnw9gXc=
github.com/matttproud/golang_protobuf_extensions v1.0.1 h1:4hp9jkHxhMHkqkrB3Ix0jegS5sx/RkqARlsWZ6pIwiU=
github.com/matttproud/golang_protobuf_extensions v1.0.1/go.mod h1:D8He9yQNgCq6Z5Ld7szi9bcBfOoFv/3dc6xSMkL2PC0=
github.com/minio/minio-go v0.0.0-20180307105924-9e124ec59547 h1:E67toKjaC2PwIcFla+3LlqLVF5paURURZuqsk+qVvTM=
github.com/minio/minio-go v0.0.0-20180307105924-9e124ec59547/go.mod h1:7guKYtitv8dktvNUGrhzmNlA5wrAABTQXCoesZdFQO8=
github.com/mitchellh/go-homedir v1.0.0 h1:vKb8ShqSby24Yrqr/yDYkuFz8d0WUjys40rvnGC8aR0=
github.com/mitchellh/go-homedir v1.0.0/go.mod h1:SfyaCUpYCn1Vlf4IUYiD9fPX4A5wJrkLzIz1N1q0pr0=
github.com/nats-io/go-nats v1.6.0 h1:FznPwMfrVwGnSCh7JTXyJDRW0TIkD4Tr+M1LPJt9T70=
github.com/nats-io/go-nats v1.6.0/go.mod h1:+t7RHT5ApZebkrQdnn6AhQJmhJJiKAvJUio1PiiCtj0=
github.com/nats-io/nuid v1.0.0 h1:44QGdhbiANq8ZCbUkdn6W5bqtg+mHuDE4wOUuxxndFs=
github.com/nats-io/nuid v1.0.0/go.mod h1:19wcPz3Ph3q0Jbyiqsd0kePYG7A95tJPxeL+1OSON2c=
github.com/open-policy-agent/opa v0.8.2 h1:Bdp7rjWnkbP6x34WOOqikVw/tKOhm4qnClwUTB0OojY=
github.com/open-policy-agent/opa v0.8.2/go.mod h1:rlfeSeHuZmMEpmrcGla42AjkOUjP4rGIpS96H12un3o=
github.com/pkg/errors v0.8.0 h1:WdK/asTD0HN+q6hsWO3/vpuAkAr+tw6aNJNDFFf0+qw=
github.com/pkg/errors v0.8.0/go.mod h1:bwawxfHBFNV+L2hUp1rHADufV3IMtnDRdf1r5NINEl0=
github.com/pmezard/go-difflib v1.0.0/go.mod h1:iKH77koFhYxTK1pcRnkKkqfTogsbg7gZNVY4sRDYZ/4=
github.com/prometheus/client_golang v0.9.1 h1:K47Rk0v/fkEfwfQet2KWhscE0cJzjgCCDBG2KHZoVno=
github.com/prometheus/client_golang v0.9.1/go.mod h1:7SWBe2y4D6OKWSNQJUaRYU/AaXPKyh/dDVn+NZz0KFw=
github.com/prometheus/client_model v0.0.0-20180712105110-5c3871d89910 h1:idejC8f05m9MGOsuEi1ATq9shN03HrxNkD/luQvxCv8=
github.com/prometheus/client_model v0.0.0-20180712105110-5c3871d89910/go.mod h1:MbSGuTsp3dbXC40dX6PRTWyKYBIrTGTE9sqQNg2J8bo=
github.com/prometheus/common v0.0.0-20181109100915-0b1957f9d949 h1:MVbUQq1a49hMEISI29UcAUjywT3FyvDwx5up90OvVa4=
github.com/prometheus/common v0.0.0-20181109100915-0b1957f9d949/go.mod h1:daVV7qP5qjZbuso7PdcryaAu0sAZbrN9i7WWcTMWvro=
github.com/prometheus/procfs v0.0.0-20181005140218-185b4288413d h1:GoAlyOgbOEIFdaDqxJVlbOQ1DtGmZWs/Qau0hIlk+WQ=
github.com/prometheus/procfs v0.0.0-20181005140218-185b4288413d/go.mod h1:c3At6R/oaqEKCNdg8wHV1ftS6bRYblBhIjjI8uT2IGk=
github.com/rcrowley/go-metrics v0.0.0-20181016184325-3113b8401b8a h1:9ZKAASQSHhDYGoxY8uLVpewe1GDZ2vu2Tr/vTdVAkFQ=
github.com/rcrowley/go-metrics v0.0.0-20181016184325-3113b8401b8a/go.mod h1:bCqnVzQkZxMG4s8nGwiZ5l3QUCyqpo9Y+/ZMZ9VjZe4=
github.com/rs/cors v1.6.0 h1:G9tHG9lebljV9mfp9SNPDL36nCDxmo3zTlAf1YgvzmI=
github.com/rs/cors v1.6.0/go.mod h1:gFx+x8UowdsKA9AchylcLynDq+nNFfI8FkUZdN/jGCU=
github.com/sirupsen/logrus v1.2.0 h1:juTguoYk5qI21pwyTXY3B3Y5cOTH3ZUyZCg1v/mihuo=
github.com/sirupsen/logrus v1.2.0/go.mod h1:LxeOpSwHxABJmUn/MG1IvRgCAasNZTLOkJPxbbu5VWo=
github.com/stretchr/objx v0.1.1/go.mod h1:HFkY916IF+rwdDfMAkV7OtwuqBVzrE8GR6GFx+wExME=
github.com/stretchr/testify v1.2.2/go.mod h1:a8OnRcib4nhh0OaRAV+Yts87kKdq0PP7pXfy6kDkUVs=
github.com/urfave/negroni v0.3.0 h1:PaXOb61mWeZJxc1Ji2xJjpVg9QfPo0rrB+lHyBxGNSU=
github.com/urfave/negroni v0.3.0/go.mod h1:Meg73S6kFm/4PpbYdq35yYWoCZ9mS/YSx+lKnmiohz4=
github.com/vulcand/oxy v0.0.0-20181019102601-ac21a760928b h1:kRtVtoeRAd9uH5Kq9BYLNmjuUKaOSidU5Aeb07DfpT4=
github.com/vulcand/oxy v0.0.0-20181019102601-ac21a760928b/go.mod h1:giFb8dicROVdV5W0HXlA5siMBLWKnVXZlkA4Y5ZIzrY=
github.com/vulcand/predicate v1.1.0 h1:Gq/uWopa4rx/tnZu2opOSBqHK63Yqlou/SzrbwdJiNg=
github.com/vulcand/predicate v1.1.0/go.mod h1:mlccC5IRBoc2cIFmCB8ZM62I3VDb6p2GXESMHa3CnZg=
github.com/yashtewari/glob-intersection v0.0.0-20180916065949-5c77d914dd0b h1:vVRagRXf67ESqAb72hG2C/ZwI8NtJF2u2V76EsuOHGY=
github.com/yashtewari/glob-intersection v0.0.0-20180916065949-5c77d914dd0b/go.mod h1:HptNXiXVDcJjXe9SqMd0v2FsL9f8dz4GnXgltU6q/co=
golang.org/x/arch v0.0.0-20181203225421-5a4828bb7045 h1:Pn8fQdvx+z1avAi7fdM2kRYWQNxGlavNDSyzrQg2SsU=
golang.org/x/arch v0.0.0-20181203225421-5a4828bb7045/go.mod h1:cYlCBUl1MsqxdiKgmc4uh7TxZfWSFLOGSRR090WDxt8=
golang.org/x/crypto v0.0.0-20180904163835-0709b304e793/go.mod h1:6SG95UA2DQfeDnfUPMdvaQW0Q7yPrPDi9nlGo2tz2b4=
golang.org/x/crypto v0.0.0-20181106171534-e4dc69e5b2fd h1:VtIkGDhk0ph3t+THbvXHfMZ8QHgsBO39Nh52+74pq7w=
golang.org/x/crypto v0.0.0-20181106171534-e4dc69e5b2fd/go.mod h1:6SG95UA2DQfeDnfUPMdvaQW0Q7yPrPDi9nlGo2tz2b4=
golang.org/x/net v0.0.0-20180124060956-0ed95abb35c4 h1:BLERX6fu5dNMZcaGP2RzbrDZpHQbDkAoG9oiTRXbWr0=
golang.org/x/net v0.0.0-20180124060956-0ed95abb35c4/go.mod h1:mL1N/T3taQHkDXs73rZJwtUhF3w3ftmwwsq0BUmARs4=
golang.org/x/sys v0.0.0-20180905080454-ebe1bf3edb33/go.mod h1:STP8DvDyc/dI5b8T5hshtkjS+E42TnysNCUPdjciGhY=
golang.org/x/sys v0.0.0-20181107165924-66b7b1311ac8 h1:YoY1wS6JYVRpIfFngRf2HHo9R9dAne3xbkGOQ5rJXjU=
golang.org/x/sys v0.0.0-20181107165924-66b7b1311ac8/go.mod h1:STP8DvDyc/dI5b8T5hshtkjS+E42TnysNCUPdjciGhY=
golang.org/x/text v0.3.0 h1:g61tztE5qeGQ89tm6NTjjM9VPIm088od1l6aSorWRWg=
golang.org/x/text v0.3.0/go.mod h1:NqM8EUOU14njkJ3fqMW+pc6Ldnwhi/IjpwHt7yyuwOQ=
gopkg.in/check.v1 v0.0.0-20161208181325-20d25e280405/go.mod h1:Co6ibVJAznAaIkqp8huTwlJQCZ016jof/cbN4VW5Yz0=
gopkg.in/fsnotify.v1 v1.4.7/go.mod h1:Tz8NjZHkW78fSQdbUxIjBTcgA1z1m8ZHf0WmKUhAMys=
gopkg.in/h2non/gock.v1 v1.0.11 h1:Dm20hF29D7UZpvvUU31nU6KNWiSKVP6RutaROSXd9tI=
gopkg.in/h2non/gock.v1 v1.0.11/go.mod h1:KHI4Z1sxDW6P4N3DfTWSEza07YpkQP7KJBfglRMEjKY=
gopkg.in/yaml.v2 v2.2.1 h1:mUhvW9EsL+naU5Q3cakzfE91YhliOondGd6ZrsDBHQE=
gopkg.in/yaml.v2 v2.2.1/go.mod h1:hI93XBmqTisBFMUTm0b8Fm+jr3Dg1NNxqwp+5A1VGuI=
