# This file is autogenerated, do not edit; changes may be undone by the next 'dep ensure'.


[[projects]]
  name = "github.com/BurntSushi/toml"
  packages = ["."]
  revision = "b26d9c308763d68093482582cea63d69be07a0f0"
  version = "v0.3.0"

[[projects]]
  name = "github.com/Knetic/govaluate"
  packages = ["."]
  revision = "d216395917cc49052c7c7094cf57f09657ca08a8"
  version = "v3.0.0"

[[projects]]
  branch = "master"
  name = "github.com/Soluto/casbin-minio-adapter"
  packages = ["."]
  revision = "5e9b36112196b6c88398d03dc5cfd2eeb543a7e0"

[[projects]]
  branch = "master"
  name = "github.com/Soluto/casbin-nats-watcher"
  packages = ["."]
  revision = "ea7d2eff687d0b6b62c0ecc04d982685d0798831"

[[projects]]
  name = "github.com/casbin/casbin"
  packages = [".","config","file-adapter","model","persist","rbac","rbac/default-role-manager","util"]
  revision = "3a17f2855cc12ad36fd614c590b9d18f46dfd65d"
  version = "v1.4.0"

[[projects]]
  branch = "master"
  name = "github.com/casbin/json-adapter"
  packages = ["."]
  revision = "98e846eed4809e48e9ec11e8169400487d8a3029"

[[projects]]
  name = "github.com/davecgh/go-spew"
  packages = ["spew"]
  revision = "346938d642f2ec3594ed81d874461961cd0faa76"
  version = "v1.1.0"

[[projects]]
  name = "github.com/dgrijalva/jwt-go"
  packages = [".","request"]
  revision = "dbeaa9332f19a944acb5736b4456cfcc02140e29"
  version = "v3.1.0"

[[projects]]
  branch = "master"
  name = "github.com/dustin/go-humanize"
  packages = ["."]
  revision = "bb3d318650d48840a39aa21a027c6630e198e626"

[[projects]]
  name = "github.com/go-ini/ini"
  packages = ["."]
  revision = "32e4c1e6bc4e7d0d8451aa6b75200d19e37a536a"
  version = "v1.32.0"

[[projects]]
  name = "github.com/gorilla/context"
  packages = ["."]
  revision = "1ea25387ff6f684839d82767c1733ff4d4d15d0a"
  version = "v1.1"

[[projects]]
  name = "github.com/gorilla/mux"
  packages = ["."]
  revision = "53c1911da2b537f792e7cafcb446b05ffe33b996"
  version = "v1.6.1"

[[projects]]
  name = "github.com/gorilla/websocket"
  packages = ["."]
  revision = "ea4d1f681babbce9545c9c5f3d5194a789c89f5b"
  version = "v1.2.0"

[[projects]]
  branch = "master"
  name = "github.com/jinzhu/configor"
  packages = ["."]
  revision = "6ecfe629230f24c2e92c7894c6ab21b83b757a39"

[[projects]]
  branch = "master"
  name = "github.com/lestrrat/go-jwx"
  packages = ["internal/base64","jwa","jwk"]
  revision = "ab04a05344fe9d42821f15da668fd6ea279dd23e"

[[projects]]
  branch = "master"
  name = "github.com/lestrrat/go-pdebug"
  packages = ["."]
  revision = "2e6eaaa5717f81bda41d27070d3c966f40a1e75f"

[[projects]]
  name = "github.com/minio/minio-go"
  packages = [".","pkg/credentials","pkg/encrypt","pkg/policy","pkg/s3signer","pkg/s3utils","pkg/set"]
  revision = "706c81d3ee2a18cdd8239faf544de8a066e7e261"
  version = "4.0.7"

[[projects]]
  branch = "master"
  name = "github.com/mitchellh/go-homedir"
  packages = ["."]
  revision = "b8bc1bf767474819792c23f32d8286a45736f1c6"

[[projects]]
  name = "github.com/nats-io/go-nats"
  packages = [".","encoders/builtin","util"]
  revision = "d66cb54e6b7bdd93f0b28afc8450d84c780dfb68"
  version = "v1.4.0"

[[projects]]
  name = "github.com/nats-io/nuid"
  packages = ["."]
  revision = "289cccf02c178dc782430d534e3c1f5b72af807f"
  version = "v1.0.0"

[[projects]]
  name = "github.com/pkg/errors"
  packages = ["."]
  revision = "645ef00459ed84a119197bfb8d8205042c6df63d"
  version = "v0.8.0"

[[projects]]
  name = "github.com/rs/cors"
  packages = ["."]
  revision = "7af7a1e09ba336d2ea14b1ce73bf693c6837dbf6"
  version = "v1.2"

[[projects]]
  name = "github.com/sirupsen/logrus"
  packages = ["."]
  revision = "d682213848ed68c0a260ca37d6dd5ace8423f5ba"
  version = "v1.0.4"

[[projects]]
  name = "github.com/urfave/negroni"
  packages = ["."]
  revision = "5dbbc83f748fc3ad38585842b0aedab546d0ea1e"
  version = "v0.3.0"

[[projects]]
  branch = "master"
  name = "github.com/vulcand/oxy"
  packages = ["forward","utils"]
  revision = "092a2d70bb8859a9def2b1bb9a61cdc193ee55cc"

[[projects]]
  branch = "master"
  name = "golang.org/x/crypto"
  packages = ["ssh/terminal"]
  revision = "5119cf507ed5294cc409c092980c7497ee5d6fd2"

[[projects]]
  branch = "master"
  name = "golang.org/x/net"
  packages = ["idna","lex/httplex"]
  revision = "f5dfe339be1d06f81b22525fe34671ee7d2c8904"

[[projects]]
  branch = "master"
  name = "golang.org/x/sys"
  packages = ["unix","windows"]
  revision = "37707fdb30a5b38865cfb95e5aab41707daec7fd"

[[projects]]
  branch = "master"
  name = "golang.org/x/text"
  packages = ["collate","collate/build","internal/colltab","internal/gen","internal/tag","internal/triegen","internal/ucd","language","secure/bidirule","transform","unicode/bidi","unicode/cldr","unicode/norm","unicode/rangetable"]
  revision = "4e4a3210bb54bb31f6ab2cdca2edcc0b50c420c1"

[[projects]]
  branch = "v2"
  name = "gopkg.in/yaml.v2"
  packages = ["."]
  revision = "d670f9405373e636a5a2765eea47fac0c9bc91a4"

[solve-meta]
  analyzer-name = "dep"
  analyzer-version = 1
  inputs-digest = "6d1662a690a9ac5a577a3a4c18de813940cbf6c556e13e32c1faaabb8f642382"
  solver-name = "gps-cdcl"
  solver-version = 1
